
Microsoft Visual Studio Solution File, Format Version 12.00
# Visual Studio Version 17
VisualStudioVersion = 17.0.31912.275
MinimumVisualStudioVersion = 10.0.40219.1
Project("{FAE04EC0-301F-11D3-BF4B-00C04F79EFBC}") = "RabbitMQProducer", "RabbitMQProducer.csproj", "{E21F6B1A-8998-4044-8EAF-F2AC5E7D207C}"
EndProject
Global
	GlobalSection(SolutionConfigurationPlatforms) = preSolution
		Debug|Any CPU = Debug|Any CPU
		Release|Any CPU = Release|Any CPU
	EndGlobalSection
	GlobalSection(ProjectConfigurationPlatforms) = postSolution
		{E21F6B1A-8998-4044-8EAF-F2AC5E7D207C}.Debug|Any CPU.ActiveCfg = Debug|Any CPU
		{E21F6B1A-8998-4044-8EAF-F2AC5E7D207C}.Debug|Any CPU.Build.0 = Debug|Any CPU
		{E21F6B1A-8998-4044-8EAF-F2AC5E7D207C}.Release|Any CPU.ActiveCfg = Release|Any CPU
		{E21F6B1A-8998-4044-8EAF-F2AC5E7D207C}.Release|Any CPU.Build.0 = Release|Any CPU
	EndGlobalSection
	GlobalSection(SolutionProperties) = preSolution
		HideSolutionNode = FALSE
	EndGlobalSection
	GlobalSection(ExtensibilityGlobals) = postSolution
		SolutionGuid = {4A3920B5-ED91-4CDA-9CD1-A70B41627EC4}
	EndGlobalSection
EndGlobal
